
Microsoft Visual Studio Solution File, Format Version 12.00
# Visual Studio Version 17
VisualStudioVersion = 17.5.002.0
MinimumVisualStudioVersion = 10.0.40219.1
Project("{9A19103F-16F7-4668-BE54-9A1E7A4F7556}") = "filesystem", "fileSystem\filesystem.csproj", "{14B7ECDE-955F-49B7-95AF-9CAE6112C407}"
EndProject
Project("{9A19103F-16F7-4668-BE54-9A1E7A4F7556}") = "Compiler", "Compiler\Compiler.csproj", "{BD92B8ED-61B2-4460-A543-0739547334DD}"
EndProject
Project("{9A19103F-16F7-4668-BE54-9A1E7A4F7556}") = "ConsoleGameEngine", "ConsoleGameEngine\ConsoleGameEngine.csproj", "{8D34CF44-07F2-4B31-A414-C8E6996B5A61}"
EndProject
Project("{9A19103F-16F7-4668-BE54-9A1E7A4F7556}") = "AssemblerBCG16", "AssemblerBCG16\AssemblerBCG16.csproj", "{5EBBD936-11DC-4ADC-AF14-52F3213CC65E}"
EndProject
Project("{9A19103F-16F7-4668-BE54-9A1E7A4F7556}") = "BCGLinker", "BCGLinker\BCGLinker.csproj", "{CDCD2FC2-5CFA-45DC-8A5B-ECD15961301B}"
EndProject
Project("{9A19103F-16F7-4668-BE54-9A1E7A4F7556}") = "HexLibrary", "HexLibrary\HexLibrary.csproj", "{E3FF8A53-4163-47A3-B472-071AC89770F4}"
EndProject
Project("{8BC9CEB8-8B4A-11D0-8D11-00A0C91BC942}") = "BCG16CPUEmulator", "BCG16CPUEmulator\BCG16CPUEmulator.vcxproj", "{C28E29AE-FD5F-4EBB-8AB5-F6A40A6E5948}"
EndProject
Project("{9A19103F-16F7-4668-BE54-9A1E7A4F7556}") = "BCG16Emulator", "BCG16Emulator\BCG16Emulator.csproj", "{99C528BF-254C-4A95-8BD5-EE32B8C981E1}"
EndProject
Project("{9A19103F-16F7-4668-BE54-9A1E7A4F7556}") = "BFDCG12", "BFDCG12\BFDCG12.csproj", "{52E6735A-7922-415F-B987-8D06D299C003}"
EndProject
Project("{9A19103F-16F7-4668-BE54-9A1E7A4F7556}") = "CommonBCGCPU", "CommonBCGCPU\CommonBCGCPU.csproj", "{F6A63B7A-9641-41E4-A36F-1E2046168BA4}"
EndProject
Global
	GlobalSection(SolutionConfigurationPlatforms) = preSolution
		Debug|Any CPU = Debug|Any CPU
		Debug|x64 = Debug|x64
		Debug|x86 = Debug|x86
		MinSizeRel|Any CPU = MinSizeRel|Any CPU
		MinSizeRel|x64 = MinSizeRel|x64
		MinSizeRel|x86 = MinSizeRel|x86
		Release|Any CPU = Release|Any CPU
		Release|x64 = Release|x64
		Release|x86 = Release|x86
		RelWithDebInfo|Any CPU = RelWithDebInfo|Any CPU
		RelWithDebInfo|x64 = RelWithDebInfo|x64
		RelWithDebInfo|x86 = RelWithDebInfo|x86
	EndGlobalSection
	GlobalSection(ProjectConfigurationPlatforms) = postSolution
		{14B7ECDE-955F-49B7-95AF-9CAE6112C407}.Debug|Any CPU.ActiveCfg = Debug|Any CPU
		{14B7ECDE-955F-49B7-95AF-9CAE6112C407}.Debug|Any CPU.Build.0 = Debug|Any CPU
		{14B7ECDE-955F-49B7-95AF-9CAE6112C407}.Debug|x64.ActiveCfg = Debug|Any CPU
		{14B7ECDE-955F-49B7-95AF-9CAE6112C407}.Debug|x64.Build.0 = Debug|Any CPU
		{14B7ECDE-955F-49B7-95AF-9CAE6112C407}.Debug|x86.ActiveCfg = Debug|Any CPU
		{14B7ECDE-955F-49B7-95AF-9CAE6112C407}.Debug|x86.Build.0 = Debug|Any CPU
		{14B7ECDE-955F-49B7-95AF-9CAE6112C407}.MinSizeRel|Any CPU.ActiveCfg = Release|Any CPU
		{14B7ECDE-955F-49B7-95AF-9CAE6112C407}.MinSizeRel|Any CPU.Build.0 = Release|Any CPU
		{14B7ECDE-955F-49B7-95AF-9CAE6112C407}.MinSizeRel|x64.ActiveCfg = Release|Any CPU
		{14B7ECDE-955F-49B7-95AF-9CAE6112C407}.MinSizeRel|x64.Build.0 = Release|Any CPU
		{14B7ECDE-955F-49B7-95AF-9CAE6112C407}.MinSizeRel|x86.ActiveCfg = Release|Any CPU
		{14B7ECDE-955F-49B7-95AF-9CAE6112C407}.MinSizeRel|x86.Build.0 = Release|Any CPU
		{14B7ECDE-955F-49B7-95AF-9CAE6112C407}.Release|Any CPU.ActiveCfg = Release|Any CPU
		{14B7ECDE-955F-49B7-95AF-9CAE6112C407}.Release|Any CPU.Build.0 = Release|Any CPU
		{14B7ECDE-955F-49B7-95AF-9CAE6112C407}.Release|x64.ActiveCfg = Release|Any CPU
		{14B7ECDE-955F-49B7-95AF-9CAE6112C407}.Release|x64.Build.0 = Release|Any CPU
		{14B7ECDE-955F-49B7-95AF-9CAE6112C407}.Release|x86.ActiveCfg = Release|Any CPU
		{14B7ECDE-955F-49B7-95AF-9CAE6112C407}.Release|x86.Build.0 = Release|Any CPU
		{14B7ECDE-955F-49B7-95AF-9CAE6112C407}.RelWithDebInfo|Any CPU.ActiveCfg = Release|Any CPU
		{14B7ECDE-955F-49B7-95AF-9CAE6112C407}.RelWithDebInfo|Any CPU.Build.0 = Release|Any CPU
		{14B7ECDE-955F-49B7-95AF-9CAE6112C407}.RelWithDebInfo|x64.ActiveCfg = Release|Any CPU
		{14B7ECDE-955F-49B7-95AF-9CAE6112C407}.RelWithDebInfo|x64.Build.0 = Release|Any CPU
		{14B7ECDE-955F-49B7-95AF-9CAE6112C407}.RelWithDebInfo|x86.ActiveCfg = Release|Any CPU
		{14B7ECDE-955F-49B7-95AF-9CAE6112C407}.RelWithDebInfo|x86.Build.0 = Release|Any CPU
		{BD92B8ED-61B2-4460-A543-0739547334DD}.Debug|Any CPU.ActiveCfg = Debug|Any CPU
		{BD92B8ED-61B2-4460-A543-0739547334DD}.Debug|Any CPU.Build.0 = Debug|Any CPU
		{BD92B8ED-61B2-4460-A543-0739547334DD}.Debug|x64.ActiveCfg = Debug|Any CPU
		{BD92B8ED-61B2-4460-A543-0739547334DD}.Debug|x64.Build.0 = Debug|Any CPU
		{BD92B8ED-61B2-4460-A543-0739547334DD}.Debug|x86.ActiveCfg = Debug|Any CPU
		{BD92B8ED-61B2-4460-A543-0739547334DD}.Debug|x86.Build.0 = Debug|Any CPU
		{BD92B8ED-61B2-4460-A543-0739547334DD}.MinSizeRel|Any CPU.ActiveCfg = Release|Any CPU
		{BD92B8ED-61B2-4460-A543-0739547334DD}.MinSizeRel|Any CPU.Build.0 = Release|Any CPU
		{BD92B8ED-61B2-4460-A543-0739547334DD}.MinSizeRel|x64.ActiveCfg = Release|Any CPU
		{BD92B8ED-61B2-4460-A543-0739547334DD}.MinSizeRel|x64.Build.0 = Release|Any CPU
		{BD92B8ED-61B2-4460-A543-0739547334DD}.MinSizeRel|x86.ActiveCfg = Release|Any CPU
		{BD92B8ED-61B2-4460-A543-0739547334DD}.MinSizeRel|x86.Build.0 = Release|Any CPU
		{BD92B8ED-61B2-4460-A543-0739547334DD}.Release|Any CPU.ActiveCfg = Release|Any CPU
		{BD92B8ED-61B2-4460-A543-0739547334DD}.Release|Any CPU.Build.0 = Release|Any CPU
		{BD92B8ED-61B2-4460-A543-0739547334DD}.Release|x64.ActiveCfg = Release|Any CPU
		{BD92B8ED-61B2-4460-A543-0739547334DD}.Release|x64.Build.0 = Release|Any CPU
		{BD92B8ED-61B2-4460-A543-0739547334DD}.Release|x86.ActiveCfg = Release|Any CPU
		{BD92B8ED-61B2-4460-A543-0739547334DD}.Release|x86.Build.0 = Release|Any CPU
		{BD92B8ED-61B2-4460-A543-0739547334DD}.RelWithDebInfo|Any CPU.ActiveCfg = Release|Any CPU
		{BD92B8ED-61B2-4460-A543-0739547334DD}.RelWithDebInfo|Any CPU.Build.0 = Release|Any CPU
		{BD92B8ED-61B2-4460-A543-0739547334DD}.RelWithDebInfo|x64.ActiveCfg = Release|Any CPU
		{BD92B8ED-61B2-4460-A543-0739547334DD}.RelWithDebInfo|x64.Build.0 = Release|Any CPU
		{BD92B8ED-61B2-4460-A543-0739547334DD}.RelWithDebInfo|x86.ActiveCfg = Release|Any CPU
		{BD92B8ED-61B2-4460-A543-0739547334DD}.RelWithDebInfo|x86.Build.0 = Release|Any CPU
		{8D34CF44-07F2-4B31-A414-C8E6996B5A61}.Debug|Any CPU.ActiveCfg = Debug|Any CPU
		{8D34CF44-07F2-4B31-A414-C8E6996B5A61}.Debug|Any CPU.Build.0 = Debug|Any CPU
		{8D34CF44-07F2-4B31-A414-C8E6996B5A61}.Debug|x64.ActiveCfg = Debug|Any CPU
		{8D34CF44-07F2-4B31-A414-C8E6996B5A61}.Debug|x64.Build.0 = Debug|Any CPU
		{8D34CF44-07F2-4B31-A414-C8E6996B5A61}.Debug|x86.ActiveCfg = Debug|Any CPU
		{8D34CF44-07F2-4B31-A414-C8E6996B5A61}.Debug|x86.Build.0 = Debug|Any CPU
		{8D34CF44-07F2-4B31-A414-C8E6996B5A61}.MinSizeRel|Any CPU.ActiveCfg = Release|Any CPU
		{8D34CF44-07F2-4B31-A414-C8E6996B5A61}.MinSizeRel|Any CPU.Build.0 = Release|Any CPU
		{8D34CF44-07F2-4B31-A414-C8E6996B5A61}.MinSizeRel|x64.ActiveCfg = Release|Any CPU
		{8D34CF44-07F2-4B31-A414-C8E6996B5A61}.MinSizeRel|x64.Build.0 = Release|Any CPU
		{8D34CF44-07F2-4B31-A414-C8E6996B5A61}.MinSizeRel|x86.ActiveCfg = Release|Any CPU
		{8D34CF44-07F2-4B31-A414-C8E6996B5A61}.MinSizeRel|x86.Build.0 = Release|Any CPU
		{8D34CF44-07F2-4B31-A414-C8E6996B5A61}.Release|Any CPU.ActiveCfg = Release|Any CPU
		{8D34CF44-07F2-4B31-A414-C8E6996B5A61}.Release|Any CPU.Build.0 = Release|Any CPU
		{8D34CF44-07F2-4B31-A414-C8E6996B5A61}.Release|x64.ActiveCfg = Release|Any CPU
		{8D34CF44-07F2-4B31-A414-C8E6996B5A61}.Release|x64.Build.0 = Release|Any CPU
		{8D34CF44-07F2-4B31-A414-C8E6996B5A61}.Release|x86.ActiveCfg = Release|Any CPU
		{8D34CF44-07F2-4B31-A414-C8E6996B5A61}.Release|x86.Build.0 = Release|Any CPU
		{8D34CF44-07F2-4B31-A414-C8E6996B5A61}.RelWithDebInfo|Any CPU.ActiveCfg = Release|Any CPU
		{8D34CF44-07F2-4B31-A414-C8E6996B5A61}.RelWithDebInfo|Any CPU.Build.0 = Release|Any CPU
		{8D34CF44-07F2-4B31-A414-C8E6996B5A61}.RelWithDebInfo|x64.ActiveCfg = Release|Any CPU
		{8D34CF44-07F2-4B31-A414-C8E6996B5A61}.RelWithDebInfo|x64.Build.0 = Release|Any CPU
		{8D34CF44-07F2-4B31-A414-C8E6996B5A61}.RelWithDebInfo|x86.ActiveCfg = Release|Any CPU
		{8D34CF44-07F2-4B31-A414-C8E6996B5A61}.RelWithDebInfo|x86.Build.0 = Release|Any CPU
		{5EBBD936-11DC-4ADC-AF14-52F3213CC65E}.Debug|Any CPU.ActiveCfg = Debug|Any CPU
		{5EBBD936-11DC-4ADC-AF14-52F3213CC65E}.Debug|Any CPU.Build.0 = Debug|Any CPU
		{5EBBD936-11DC-4ADC-AF14-52F3213CC65E}.Debug|x64.ActiveCfg = Debug|Any CPU
		{5EBBD936-11DC-4ADC-AF14-52F3213CC65E}.Debug|x64.Build.0 = Debug|Any CPU
		{5EBBD936-11DC-4ADC-AF14-52F3213CC65E}.Debug|x86.ActiveCfg = Debug|Any CPU
		{5EBBD936-11DC-4ADC-AF14-52F3213CC65E}.Debug|x86.Build.0 = Debug|Any CPU
		{5EBBD936-11DC-4ADC-AF14-52F3213CC65E}.MinSizeRel|Any CPU.ActiveCfg = Release|Any CPU
		{5EBBD936-11DC-4ADC-AF14-52F3213CC65E}.MinSizeRel|Any CPU.Build.0 = Release|Any CPU
		{5EBBD936-11DC-4ADC-AF14-52F3213CC65E}.MinSizeRel|x64.ActiveCfg = Release|Any CPU
		{5EBBD936-11DC-4ADC-AF14-52F3213CC65E}.MinSizeRel|x64.Build.0 = Release|Any CPU
		{5EBBD936-11DC-4ADC-AF14-52F3213CC65E}.MinSizeRel|x86.ActiveCfg = Release|Any CPU
		{5EBBD936-11DC-4ADC-AF14-52F3213CC65E}.MinSizeRel|x86.Build.0 = Release|Any CPU
		{5EBBD936-11DC-4ADC-AF14-52F3213CC65E}.Release|Any CPU.ActiveCfg = Release|Any CPU
		{5EBBD936-11DC-4ADC-AF14-52F3213CC65E}.Release|Any CPU.Build.0 = Release|Any CPU
		{5EBBD936-11DC-4ADC-AF14-52F3213CC65E}.Release|x64.ActiveCfg = Release|Any CPU
		{5EBBD936-11DC-4ADC-AF14-52F3213CC65E}.Release|x64.Build.0 = Release|Any CPU
		{5EBBD936-11DC-4ADC-AF14-52F3213CC65E}.Release|x86.ActiveCfg = Release|Any CPU
		{5EBBD936-11DC-4ADC-AF14-52F3213CC65E}.Release|x86.Build.0 = Release|Any CPU
		{5EBBD936-11DC-4ADC-AF14-52F3213CC65E}.RelWithDebInfo|Any CPU.ActiveCfg = Release|Any CPU
		{5EBBD936-11DC-4ADC-AF14-52F3213CC65E}.RelWithDebInfo|Any CPU.Build.0 = Release|Any CPU
		{5EBBD936-11DC-4ADC-AF14-52F3213CC65E}.RelWithDebInfo|x64.ActiveCfg = Release|Any CPU
		{5EBBD936-11DC-4ADC-AF14-52F3213CC65E}.RelWithDebInfo|x64.Build.0 = Release|Any CPU
		{5EBBD936-11DC-4ADC-AF14-52F3213CC65E}.RelWithDebInfo|x86.ActiveCfg = Release|Any CPU
		{5EBBD936-11DC-4ADC-AF14-52F3213CC65E}.RelWithDebInfo|x86.Build.0 = Release|Any CPU
		{CDCD2FC2-5CFA-45DC-8A5B-ECD15961301B}.Debug|Any CPU.ActiveCfg = Debug|Any CPU
		{CDCD2FC2-5CFA-45DC-8A5B-ECD15961301B}.Debug|Any CPU.Build.0 = Debug|Any CPU
		{CDCD2FC2-5CFA-45DC-8A5B-ECD15961301B}.Debug|x64.ActiveCfg = Debug|Any CPU
		{CDCD2FC2-5CFA-45DC-8A5B-ECD15961301B}.Debug|x64.Build.0 = Debug|Any CPU
		{CDCD2FC2-5CFA-45DC-8A5B-ECD15961301B}.Debug|x86.ActiveCfg = Debug|Any CPU
		{CDCD2FC2-5CFA-45DC-8A5B-ECD15961301B}.Debug|x86.Build.0 = Debug|Any CPU
		{CDCD2FC2-5CFA-45DC-8A5B-ECD15961301B}.MinSizeRel|Any CPU.ActiveCfg = Release|Any CPU
		{CDCD2FC2-5CFA-45DC-8A5B-ECD15961301B}.MinSizeRel|Any CPU.Build.0 = Release|Any CPU
		{CDCD2FC2-5CFA-45DC-8A5B-ECD15961301B}.MinSizeRel|x64.ActiveCfg = Release|Any CPU
		{CDCD2FC2-5CFA-45DC-8A5B-ECD15961301B}.MinSizeRel|x64.Build.0 = Release|Any CPU
		{CDCD2FC2-5CFA-45DC-8A5B-ECD15961301B}.MinSizeRel|x86.ActiveCfg = Release|Any CPU
		{CDCD2FC2-5CFA-45DC-8A5B-ECD15961301B}.MinSizeRel|x86.Build.0 = Release|Any CPU
		{CDCD2FC2-5CFA-45DC-8A5B-ECD15961301B}.Release|Any CPU.ActiveCfg = Release|Any CPU
		{CDCD2FC2-5CFA-45DC-8A5B-ECD15961301B}.Release|Any CPU.Build.0 = Release|Any CPU
		{CDCD2FC2-5CFA-45DC-8A5B-ECD15961301B}.Release|x64.ActiveCfg = Release|Any CPU
		{CDCD2FC2-5CFA-45DC-8A5B-ECD15961301B}.Release|x64.Build.0 = Release|Any CPU
		{CDCD2FC2-5CFA-45DC-8A5B-ECD15961301B}.Release|x86.ActiveCfg = Release|Any CPU
		{CDCD2FC2-5CFA-45DC-8A5B-ECD15961301B}.Release|x86.Build.0 = Release|Any CPU
		{CDCD2FC2-5CFA-45DC-8A5B-ECD15961301B}.RelWithDebInfo|Any CPU.ActiveCfg = Release|Any CPU
		{CDCD2FC2-5CFA-45DC-8A5B-ECD15961301B}.RelWithDebInfo|Any CPU.Build.0 = Release|Any CPU
		{CDCD2FC2-5CFA-45DC-8A5B-ECD15961301B}.RelWithDebInfo|x64.ActiveCfg = Release|Any CPU
		{CDCD2FC2-5CFA-45DC-8A5B-ECD15961301B}.RelWithDebInfo|x64.Build.0 = Release|Any CPU
		{CDCD2FC2-5CFA-45DC-8A5B-ECD15961301B}.RelWithDebInfo|x86.ActiveCfg = Release|Any CPU
		{CDCD2FC2-5CFA-45DC-8A5B-ECD15961301B}.RelWithDebInfo|x86.Build.0 = Release|Any CPU
		{E3FF8A53-4163-47A3-B472-071AC89770F4}.Debug|Any CPU.ActiveCfg = Debug|Any CPU
		{E3FF8A53-4163-47A3-B472-071AC89770F4}.Debug|Any CPU.Build.0 = Debug|Any CPU
		{E3FF8A53-4163-47A3-B472-071AC89770F4}.Debug|x64.ActiveCfg = Debug|Any CPU
		{E3FF8A53-4163-47A3-B472-071AC89770F4}.Debug|x64.Build.0 = Debug|Any CPU
		{E3FF8A53-4163-47A3-B472-071AC89770F4}.Debug|x86.ActiveCfg = Debug|Any CPU
		{E3FF8A53-4163-47A3-B472-071AC89770F4}.Debug|x86.Build.0 = Debug|Any CPU
		{E3FF8A53-4163-47A3-B472-071AC89770F4}.MinSizeRel|Any CPU.ActiveCfg = Release|Any CPU
		{E3FF8A53-4163-47A3-B472-071AC89770F4}.MinSizeRel|Any CPU.Build.0 = Release|Any CPU
		{E3FF8A53-4163-47A3-B472-071AC89770F4}.MinSizeRel|x64.ActiveCfg = Release|Any CPU
		{E3FF8A53-4163-47A3-B472-071AC89770F4}.MinSizeRel|x64.Build.0 = Release|Any CPU
		{E3FF8A53-4163-47A3-B472-071AC89770F4}.MinSizeRel|x86.ActiveCfg = Release|Any CPU
		{E3FF8A53-4163-47A3-B472-071AC89770F4}.MinSizeRel|x86.Build.0 = Release|Any CPU
		{E3FF8A53-4163-47A3-B472-071AC89770F4}.Release|Any CPU.ActiveCfg = Release|Any CPU
		{E3FF8A53-4163-47A3-B472-071AC89770F4}.Release|Any CPU.Build.0 = Release|Any CPU
		{E3FF8A53-4163-47A3-B472-071AC89770F4}.Release|x64.ActiveCfg = Release|Any CPU
		{E3FF8A53-4163-47A3-B472-071AC89770F4}.Release|x64.Build.0 = Release|Any CPU
		{E3FF8A53-4163-47A3-B472-071AC89770F4}.Release|x86.ActiveCfg = Release|Any CPU
		{E3FF8A53-4163-47A3-B472-071AC89770F4}.Release|x86.Build.0 = Release|Any CPU
		{E3FF8A53-4163-47A3-B472-071AC89770F4}.RelWithDebInfo|Any CPU.ActiveCfg = Release|Any CPU
		{E3FF8A53-4163-47A3-B472-071AC89770F4}.RelWithDebInfo|Any CPU.Build.0 = Release|Any CPU
		{E3FF8A53-4163-47A3-B472-071AC89770F4}.RelWithDebInfo|x64.ActiveCfg = Release|Any CPU
		{E3FF8A53-4163-47A3-B472-071AC89770F4}.RelWithDebInfo|x64.Build.0 = Release|Any CPU
		{E3FF8A53-4163-47A3-B472-071AC89770F4}.RelWithDebInfo|x86.ActiveCfg = Release|Any CPU
		{E3FF8A53-4163-47A3-B472-071AC89770F4}.RelWithDebInfo|x86.Build.0 = Release|Any CPU
		{C28E29AE-FD5F-4EBB-8AB5-F6A40A6E5948}.Debug|Any CPU.ActiveCfg = Debug|x64
		{C28E29AE-FD5F-4EBB-8AB5-F6A40A6E5948}.Debug|Any CPU.Build.0 = Debug|x64
		{C28E29AE-FD5F-4EBB-8AB5-F6A40A6E5948}.Debug|x64.ActiveCfg = Debug|x64
		{C28E29AE-FD5F-4EBB-8AB5-F6A40A6E5948}.Debug|x64.Build.0 = Debug|x64
		{C28E29AE-FD5F-4EBB-8AB5-F6A40A6E5948}.Debug|x86.ActiveCfg = Debug|Win32
		{C28E29AE-FD5F-4EBB-8AB5-F6A40A6E5948}.Debug|x86.Build.0 = Debug|Win32
		{C28E29AE-FD5F-4EBB-8AB5-F6A40A6E5948}.MinSizeRel|Any CPU.ActiveCfg = Debug|x64
		{C28E29AE-FD5F-4EBB-8AB5-F6A40A6E5948}.MinSizeRel|Any CPU.Build.0 = Debug|x64
		{C28E29AE-FD5F-4EBB-8AB5-F6A40A6E5948}.MinSizeRel|x64.ActiveCfg = Debug|x64
		{C28E29AE-FD5F-4EBB-8AB5-F6A40A6E5948}.MinSizeRel|x64.Build.0 = Debug|x64
		{C28E29AE-FD5F-4EBB-8AB5-F6A40A6E5948}.MinSizeRel|x86.ActiveCfg = Debug|Win32
		{C28E29AE-FD5F-4EBB-8AB5-F6A40A6E5948}.MinSizeRel|x86.Build.0 = Debug|Win32
		{C28E29AE-FD5F-4EBB-8AB5-F6A40A6E5948}.Release|Any CPU.ActiveCfg = Release|x64
		{C28E29AE-FD5F-4EBB-8AB5-F6A40A6E5948}.Release|Any CPU.Build.0 = Release|x64
		{C28E29AE-FD5F-4EBB-8AB5-F6A40A6E5948}.Release|x64.ActiveCfg = Release|x64
		{C28E29AE-FD5F-4EBB-8AB5-F6A40A6E5948}.Release|x64.Build.0 = Release|x64
		{C28E29AE-FD5F-4EBB-8AB5-F6A40A6E5948}.Release|x86.ActiveCfg = Release|Win32
		{C28E29AE-FD5F-4EBB-8AB5-F6A40A6E5948}.Release|x86.Build.0 = Release|Win32
		{C28E29AE-FD5F-4EBB-8AB5-F6A40A6E5948}.RelWithDebInfo|Any CPU.ActiveCfg = Release|x64
		{C28E29AE-FD5F-4EBB-8AB5-F6A40A6E5948}.RelWithDebInfo|Any CPU.Build.0 = Release|x64
		{C28E29AE-FD5F-4EBB-8AB5-F6A40A6E5948}.RelWithDebInfo|x64.ActiveCfg = Release|x64
		{C28E29AE-FD5F-4EBB-8AB5-F6A40A6E5948}.RelWithDebInfo|x64.Build.0 = Release|x64
		{C28E29AE-FD5F-4EBB-8AB5-F6A40A6E5948}.RelWithDebInfo|x86.ActiveCfg = Release|Win32
		{C28E29AE-FD5F-4EBB-8AB5-F6A40A6E5948}.RelWithDebInfo|x86.Build.0 = Release|Win32
		{99C528BF-254C-4A95-8BD5-EE32B8C981E1}.Debug|Any CPU.ActiveCfg = Debug|Any CPU
		{99C528BF-254C-4A95-8BD5-EE32B8C981E1}.Debug|Any CPU.Build.0 = Debug|Any CPU
		{99C528BF-254C-4A95-8BD5-EE32B8C981E1}.Debug|x64.ActiveCfg = Debug|Any CPU
		{99C528BF-254C-4A95-8BD5-EE32B8C981E1}.Debug|x64.Build.0 = Debug|Any CPU
		{99C528BF-254C-4A95-8BD5-EE32B8C981E1}.Debug|x86.ActiveCfg = Debug|Any CPU
		{99C528BF-254C-4A95-8BD5-EE32B8C981E1}.Debug|x86.Build.0 = Debug|Any CPU
		{99C528BF-254C-4A95-8BD5-EE32B8C981E1}.MinSizeRel|Any CPU.ActiveCfg = Debug|Any CPU
		{99C528BF-254C-4A95-8BD5-EE32B8C981E1}.MinSizeRel|Any CPU.Build.0 = Debug|Any CPU
		{99C528BF-254C-4A95-8BD5-EE32B8C981E1}.MinSizeRel|x64.ActiveCfg = Debug|Any CPU
		{99C528BF-254C-4A95-8BD5-EE32B8C981E1}.MinSizeRel|x64.Build.0 = Debug|Any CPU
		{99C528BF-254C-4A95-8BD5-EE32B8C981E1}.MinSizeRel|x86.ActiveCfg = Debug|Any CPU
		{99C528BF-254C-4A95-8BD5-EE32B8C981E1}.MinSizeRel|x86.Build.0 = Debug|Any CPU
		{99C528BF-254C-4A95-8BD5-EE32B8C981E1}.Release|Any CPU.ActiveCfg = Release|Any CPU
		{99C528BF-254C-4A95-8BD5-EE32B8C981E1}.Release|Any CPU.Build.0 = Release|Any CPU
		{99C528BF-254C-4A95-8BD5-EE32B8C981E1}.Release|x64.ActiveCfg = Release|Any CPU
		{99C528BF-254C-4A95-8BD5-EE32B8C981E1}.Release|x64.Build.0 = Release|Any CPU
		{99C528BF-254C-4A95-8BD5-EE32B8C981E1}.Release|x86.ActiveCfg = Release|Any CPU
		{99C528BF-254C-4A95-8BD5-EE32B8C981E1}.Release|x86.Build.0 = Release|Any CPU
		{99C528BF-254C-4A95-8BD5-EE32B8C981E1}.RelWithDebInfo|Any CPU.ActiveCfg = Release|Any CPU
		{99C528BF-254C-4A95-8BD5-EE32B8C981E1}.RelWithDebInfo|Any CPU.Build.0 = Release|Any CPU
		{99C528BF-254C-4A95-8BD5-EE32B8C981E1}.RelWithDebInfo|x64.ActiveCfg = Release|Any CPU
		{99C528BF-254C-4A95-8BD5-EE32B8C981E1}.RelWithDebInfo|x64.Build.0 = Release|Any CPU
		{99C528BF-254C-4A95-8BD5-EE32B8C981E1}.RelWithDebInfo|x86.ActiveCfg = Release|Any CPU
		{99C528BF-254C-4A95-8BD5-EE32B8C981E1}.RelWithDebInfo|x86.Build.0 = Release|Any CPU
		{52E6735A-7922-415F-B987-8D06D299C003}.Debug|Any CPU.ActiveCfg = Debug|Any CPU
		{52E6735A-7922-415F-B987-8D06D299C003}.Debug|Any CPU.Build.0 = Debug|Any CPU
		{52E6735A-7922-415F-B987-8D06D299C003}.Debug|x64.ActiveCfg = Debug|Any CPU
		{52E6735A-7922-415F-B987-8D06D299C003}.Debug|x64.Build.0 = Debug|Any CPU
		{52E6735A-7922-415F-B987-8D06D299C003}.Debug|x86.ActiveCfg = Debug|Any CPU
		{52E6735A-7922-415F-B987-8D06D299C003}.Debug|x86.Build.0 = Debug|Any CPU
		{52E6735A-7922-415F-B987-8D06D299C003}.MinSizeRel|Any CPU.ActiveCfg = Debug|Any CPU
		{52E6735A-7922-415F-B987-8D06D299C003}.MinSizeRel|Any CPU.Build.0 = Debug|Any CPU
		{52E6735A-7922-415F-B987-8D06D299C003}.MinSizeRel|x64.ActiveCfg = Debug|Any CPU
		{52E6735A-7922-415F-B987-8D06D299C003}.MinSizeRel|x64.Build.0 = Debug|Any CPU
		{52E6735A-7922-415F-B987-8D06D299C003}.MinSizeRel|x86.ActiveCfg = Debug|Any CPU
		{52E6735A-7922-415F-B987-8D06D299C003}.MinSizeRel|x86.Build.0 = Debug|Any CPU
		{52E6735A-7922-415F-B987-8D06D299C003}.Release|Any CPU.ActiveCfg = Release|Any CPU
		{52E6735A-7922-415F-B987-8D06D299C003}.Release|Any CPU.Build.0 = Release|Any CPU
		{52E6735A-7922-415F-B987-8D06D299C003}.Release|x64.ActiveCfg = Release|Any CPU
		{52E6735A-7922-415F-B987-8D06D299C003}.Release|x64.Build.0 = Release|Any CPU
		{52E6735A-7922-415F-B987-8D06D299C003}.Release|x86.ActiveCfg = Release|Any CPU
		{52E6735A-7922-415F-B987-8D06D299C003}.Release|x86.Build.0 = Release|Any CPU
		{52E6735A-7922-415F-B987-8D06D299C003}.RelWithDebInfo|Any CPU.ActiveCfg = Release|Any CPU
		{52E6735A-7922-415F-B987-8D06D299C003}.RelWithDebInfo|Any CPU.Build.0 = Release|Any CPU
		{52E6735A-7922-415F-B987-8D06D299C003}.RelWithDebInfo|x64.ActiveCfg = Release|Any CPU
		{52E6735A-7922-415F-B987-8D06D299C003}.RelWithDebInfo|x64.Build.0 = Release|Any CPU
		{52E6735A-7922-415F-B987-8D06D299C003}.RelWithDebInfo|x86.ActiveCfg = Release|Any CPU
		{52E6735A-7922-415F-B987-8D06D299C003}.RelWithDebInfo|x86.Build.0 = Release|Any CPU
		{F6A63B7A-9641-41E4-A36F-1E2046168BA4}.Debug|Any CPU.ActiveCfg = Debug|Any CPU
		{F6A63B7A-9641-41E4-A36F-1E2046168BA4}.Debug|Any CPU.Build.0 = Debug|Any CPU
		{F6A63B7A-9641-41E4-A36F-1E2046168BA4}.Debug|x64.ActiveCfg = Debug|Any CPU
		{F6A63B7A-9641-41E4-A36F-1E2046168BA4}.Debug|x64.Build.0 = Debug|Any CPU
		{F6A63B7A-9641-41E4-A36F-1E2046168BA4}.Debug|x86.ActiveCfg = Debug|Any CPU
		{F6A63B7A-9641-41E4-A36F-1E2046168BA4}.Debug|x86.Build.0 = Debug|Any CPU
		{F6A63B7A-9641-41E4-A36F-1E2046168BA4}.MinSizeRel|Any CPU.ActiveCfg = Debug|Any CPU
		{F6A63B7A-9641-41E4-A36F-1E2046168BA4}.MinSizeRel|Any CPU.Build.0 = Debug|Any CPU
		{F6A63B7A-9641-41E4-A36F-1E2046168BA4}.MinSizeRel|x64.ActiveCfg = Debug|Any CPU
		{F6A63B7A-9641-41E4-A36F-1E2046168BA4}.MinSizeRel|x64.Build.0 = Debug|Any CPU
		{F6A63B7A-9641-41E4-A36F-1E2046168BA4}.MinSizeRel|x86.ActiveCfg = Debug|Any CPU
		{F6A63B7A-9641-41E4-A36F-1E2046168BA4}.MinSizeRel|x86.Build.0 = Debug|Any CPU
		{F6A63B7A-9641-41E4-A36F-1E2046168BA4}.Release|Any CPU.ActiveCfg = Release|Any CPU
		{F6A63B7A-9641-41E4-A36F-1E2046168BA4}.Release|Any CPU.Build.0 = Release|Any CPU
		{F6A63B7A-9641-41E4-A36F-1E2046168BA4}.Release|x64.ActiveCfg = Release|Any CPU
		{F6A63B7A-9641-41E4-A36F-1E2046168BA4}.Release|x64.Build.0 = Release|Any CPU
		{F6A63B7A-9641-41E4-A36F-1E2046168BA4}.Release|x86.ActiveCfg = Release|Any CPU
		{F6A63B7A-9641-41E4-A36F-1E2046168BA4}.Release|x86.Build.0 = Release|Any CPU
		{F6A63B7A-9641-41E4-A36F-1E2046168BA4}.RelWithDebInfo|Any CPU.ActiveCfg = Release|Any CPU
		{F6A63B7A-9641-41E4-A36F-1E2046168BA4}.RelWithDebInfo|Any CPU.Build.0 = Release|Any CPU
		{F6A63B7A-9641-41E4-A36F-1E2046168BA4}.RelWithDebInfo|x64.ActiveCfg = Release|Any CPU
		{F6A63B7A-9641-41E4-A36F-1E2046168BA4}.RelWithDebInfo|x64.Build.0 = Release|Any CPU
		{F6A63B7A-9641-41E4-A36F-1E2046168BA4}.RelWithDebInfo|x86.ActiveCfg = Release|Any CPU
		{F6A63B7A-9641-41E4-A36F-1E2046168BA4}.RelWithDebInfo|x86.Build.0 = Release|Any CPU
	EndGlobalSection
	GlobalSection(SolutionProperties) = preSolution
		HideSolutionNode = FALSE
	EndGlobalSection
	GlobalSection(ExtensibilityGlobals) = postSolution
		SolutionGuid = {15FA39D2-C475-40D7-B8F9-5C837D561328}
	EndGlobalSection
EndGlobal
