
Microsoft Visual Studio Solution File, Format Version 12.00
# Visual Studio Version 17
VisualStudioVersion = 17.5.002.0
MinimumVisualStudioVersion = 10.0.40219.1
Project("{9A19103F-16F7-4668-BE54-9A1E7A4F7556}") = "filesystem", "fileSystem\filesystem.csproj", "{14B7ECDE-955F-49B7-95AF-9CAE6112C407}"
EndProject
Project("{9A19103F-16F7-4668-BE54-9A1E7A4F7556}") = "Compiler", "Compiler\Compiler.csproj", "{BD92B8ED-61B2-4460-A543-0739547334DD}"
EndProject
Project("{9A19103F-16F7-4668-BE54-9A1E7A4F7556}") = "ConsoleGameEngine", "ConsoleGameEngine\ConsoleGameEngine.csproj", "{8D34CF44-07F2-4B31-A414-C8E6996B5A61}"
EndProject
Project("{9A19103F-16F7-4668-BE54-9A1E7A4F7556}") = "BCGLinker", "BCGLinker\BCGLinker.csproj", "{CDCD2FC2-5CFA-45DC-8A5B-ECD15961301B}"
EndProject
Project("{9A19103F-16F7-4668-BE54-9A1E7A4F7556}") = "HexLibrary", "HexLibrary\HexLibrary.csproj", "{E3FF8A53-4163-47A3-B472-071AC89770F4}"
EndProject
Project("{9A19103F-16F7-4668-BE54-9A1E7A4F7556}") = "BFDCG12", "BFDCG12\BFDCG12.csproj", "{52E6735A-7922-415F-B987-8D06D299C003}"
EndProject
Project("{9A19103F-16F7-4668-BE54-9A1E7A4F7556}") = "CommonBCGCPU", "CommonBCGCPU\CommonBCGCPU.csproj", "{F6A63B7A-9641-41E4-A36F-1E2046168BA4}"
EndProject
Project("{9A19103F-16F7-4668-BE54-9A1E7A4F7556}") = "BC16Emulator", "BC16Emulator\BC16Emulator.csproj", "{4A89550F-3A52-4ACB-B190-CD74B783DED1}"
EndProject
Project("{9A19103F-16F7-4668-BE54-9A1E7A4F7556}") = "DisAssemblerBCG16", "DesassemblerBCG16\DisAssemblerBCG16.csproj", "{BB1BCD6A-C555-4E8F-A780-AA8482B93EB9}"
EndProject
Project("{9A19103F-16F7-4668-BE54-9A1E7A4F7556}") = "AssemblerBCG", "AssemblerBCG\AssemblerBCG.csproj", "{C1EA7317-0D2B-4B1F-88AF-ADDE0D606874}"
EndProject
Project("{8BC9CEB8-8B4A-11D0-8D11-00A0C91BC942}") = "BC16EmulatorC", "BC16EmulatorC\BC16EmulatorC.vcxproj", "{F226A774-4887-4506-BD46-910B9BFC5EA5}"
EndProject
Project("{FAE04EC0-301F-11D3-BF4B-00C04F79EFBC}") = "HLCLCompiler", "HLCLCompiler\HLCLCompiler.csproj", "{37B65322-5B31-493D-ACB2-68651707F9F8}"
EndProject
Global
	GlobalSection(SolutionConfigurationPlatforms) = preSolution
		Debug|Any CPU = Debug|Any CPU
		Debug|x64 = Debug|x64
		Debug|x86 = Debug|x86
		MinSizeRel|Any CPU = MinSizeRel|Any CPU
		MinSizeRel|x64 = MinSizeRel|x64
		MinSizeRel|x86 = MinSizeRel|x86
		Release|Any CPU = Release|Any CPU
		Release|x64 = Release|x64
		Release|x86 = Release|x86
		RelWithDebInfo|Any CPU = RelWithDebInfo|Any CPU
		RelWithDebInfo|x64 = RelWithDebInfo|x64
		RelWithDebInfo|x86 = RelWithDebInfo|x86
	EndGlobalSection
	GlobalSection(ProjectConfigurationPlatforms) = postSolution
		{14B7ECDE-955F-49B7-95AF-9CAE6112C407}.Debug|Any CPU.ActiveCfg = Debug|Any CPU
		{14B7ECDE-955F-49B7-95AF-9CAE6112C407}.Debug|Any CPU.Build.0 = Debug|Any CPU
		{14B7ECDE-955F-49B7-95AF-9CAE6112C407}.Debug|x64.ActiveCfg = Debug|Any CPU
		{14B7ECDE-955F-49B7-95AF-9CAE6112C407}.Debug|x64.Build.0 = Debug|Any CPU
		{14B7ECDE-955F-49B7-95AF-9CAE6112C407}.Debug|x86.ActiveCfg = Debug|Any CPU
		{14B7ECDE-955F-49B7-95AF-9CAE6112C407}.Debug|x86.Build.0 = Debug|Any CPU
		{14B7ECDE-955F-49B7-95AF-9CAE6112C407}.MinSizeRel|Any CPU.ActiveCfg = Release|Any CPU
		{14B7ECDE-955F-49B7-95AF-9CAE6112C407}.MinSizeRel|Any CPU.Build.0 = Release|Any CPU
		{14B7ECDE-955F-49B7-95AF-9CAE6112C407}.MinSizeRel|x64.ActiveCfg = Release|Any CPU
		{14B7ECDE-955F-49B7-95AF-9CAE6112C407}.MinSizeRel|x64.Build.0 = Release|Any CPU
		{14B7ECDE-955F-49B7-95AF-9CAE6112C407}.MinSizeRel|x86.ActiveCfg = Release|Any CPU
		{14B7ECDE-955F-49B7-95AF-9CAE6112C407}.MinSizeRel|x86.Build.0 = Release|Any CPU
		{14B7ECDE-955F-49B7-95AF-9CAE6112C407}.Release|Any CPU.ActiveCfg = Release|Any CPU
		{14B7ECDE-955F-49B7-95AF-9CAE6112C407}.Release|Any CPU.Build.0 = Release|Any CPU
		{14B7ECDE-955F-49B7-95AF-9CAE6112C407}.Release|x64.ActiveCfg = Release|Any CPU
		{14B7ECDE-955F-49B7-95AF-9CAE6112C407}.Release|x64.Build.0 = Release|Any CPU
		{14B7ECDE-955F-49B7-95AF-9CAE6112C407}.Release|x86.ActiveCfg = Release|Any CPU
		{14B7ECDE-955F-49B7-95AF-9CAE6112C407}.Release|x86.Build.0 = Release|Any CPU
		{14B7ECDE-955F-49B7-95AF-9CAE6112C407}.RelWithDebInfo|Any CPU.ActiveCfg = Release|Any CPU
		{14B7ECDE-955F-49B7-95AF-9CAE6112C407}.RelWithDebInfo|Any CPU.Build.0 = Release|Any CPU
		{14B7ECDE-955F-49B7-95AF-9CAE6112C407}.RelWithDebInfo|x64.ActiveCfg = Release|Any CPU
		{14B7ECDE-955F-49B7-95AF-9CAE6112C407}.RelWithDebInfo|x64.Build.0 = Release|Any CPU
		{14B7ECDE-955F-49B7-95AF-9CAE6112C407}.RelWithDebInfo|x86.ActiveCfg = Release|Any CPU
		{14B7ECDE-955F-49B7-95AF-9CAE6112C407}.RelWithDebInfo|x86.Build.0 = Release|Any CPU
		{BD92B8ED-61B2-4460-A543-0739547334DD}.Debug|Any CPU.ActiveCfg = Debug|Any CPU
		{BD92B8ED-61B2-4460-A543-0739547334DD}.Debug|Any CPU.Build.0 = Debug|Any CPU
		{BD92B8ED-61B2-4460-A543-0739547334DD}.Debug|x64.ActiveCfg = Debug|Any CPU
		{BD92B8ED-61B2-4460-A543-0739547334DD}.Debug|x64.Build.0 = Debug|Any CPU
		{BD92B8ED-61B2-4460-A543-0739547334DD}.Debug|x86.ActiveCfg = Debug|Any CPU
		{BD92B8ED-61B2-4460-A543-0739547334DD}.Debug|x86.Build.0 = Debug|Any CPU
		{BD92B8ED-61B2-4460-A543-0739547334DD}.MinSizeRel|Any CPU.ActiveCfg = Release|Any CPU
		{BD92B8ED-61B2-4460-A543-0739547334DD}.MinSizeRel|Any CPU.Build.0 = Release|Any CPU
		{BD92B8ED-61B2-4460-A543-0739547334DD}.MinSizeRel|x64.ActiveCfg = Release|Any CPU
		{BD92B8ED-61B2-4460-A543-0739547334DD}.MinSizeRel|x64.Build.0 = Release|Any CPU
		{BD92B8ED-61B2-4460-A543-0739547334DD}.MinSizeRel|x86.ActiveCfg = Release|Any CPU
		{BD92B8ED-61B2-4460-A543-0739547334DD}.MinSizeRel|x86.Build.0 = Release|Any CPU
		{BD92B8ED-61B2-4460-A543-0739547334DD}.Release|Any CPU.ActiveCfg = Release|Any CPU
		{BD92B8ED-61B2-4460-A543-0739547334DD}.Release|Any CPU.Build.0 = Release|Any CPU
		{BD92B8ED-61B2-4460-A543-0739547334DD}.Release|x64.ActiveCfg = Release|Any CPU
		{BD92B8ED-61B2-4460-A543-0739547334DD}.Release|x64.Build.0 = Release|Any CPU
		{BD92B8ED-61B2-4460-A543-0739547334DD}.Release|x86.ActiveCfg = Release|Any CPU
		{BD92B8ED-61B2-4460-A543-0739547334DD}.Release|x86.Build.0 = Release|Any CPU
		{BD92B8ED-61B2-4460-A543-0739547334DD}.RelWithDebInfo|Any CPU.ActiveCfg = Release|Any CPU
		{BD92B8ED-61B2-4460-A543-0739547334DD}.RelWithDebInfo|Any CPU.Build.0 = Release|Any CPU
		{BD92B8ED-61B2-4460-A543-0739547334DD}.RelWithDebInfo|x64.ActiveCfg = Release|Any CPU
		{BD92B8ED-61B2-4460-A543-0739547334DD}.RelWithDebInfo|x64.Build.0 = Release|Any CPU
		{BD92B8ED-61B2-4460-A543-0739547334DD}.RelWithDebInfo|x86.ActiveCfg = Release|Any CPU
		{BD92B8ED-61B2-4460-A543-0739547334DD}.RelWithDebInfo|x86.Build.0 = Release|Any CPU
		{8D34CF44-07F2-4B31-A414-C8E6996B5A61}.Debug|Any CPU.ActiveCfg = Debug|Any CPU
		{8D34CF44-07F2-4B31-A414-C8E6996B5A61}.Debug|Any CPU.Build.0 = Debug|Any CPU
		{8D34CF44-07F2-4B31-A414-C8E6996B5A61}.Debug|x64.ActiveCfg = Debug|Any CPU
		{8D34CF44-07F2-4B31-A414-C8E6996B5A61}.Debug|x64.Build.0 = Debug|Any CPU
		{8D34CF44-07F2-4B31-A414-C8E6996B5A61}.Debug|x86.ActiveCfg = Debug|Any CPU
		{8D34CF44-07F2-4B31-A414-C8E6996B5A61}.Debug|x86.Build.0 = Debug|Any CPU
		{8D34CF44-07F2-4B31-A414-C8E6996B5A61}.MinSizeRel|Any CPU.ActiveCfg = Release|Any CPU
		{8D34CF44-07F2-4B31-A414-C8E6996B5A61}.MinSizeRel|Any CPU.Build.0 = Release|Any CPU
		{8D34CF44-07F2-4B31-A414-C8E6996B5A61}.MinSizeRel|x64.ActiveCfg = Release|Any CPU
		{8D34CF44-07F2-4B31-A414-C8E6996B5A61}.MinSizeRel|x64.Build.0 = Release|Any CPU
		{8D34CF44-07F2-4B31-A414-C8E6996B5A61}.MinSizeRel|x86.ActiveCfg = Release|Any CPU
		{8D34CF44-07F2-4B31-A414-C8E6996B5A61}.MinSizeRel|x86.Build.0 = Release|Any CPU
		{8D34CF44-07F2-4B31-A414-C8E6996B5A61}.Release|Any CPU.ActiveCfg = Release|Any CPU
		{8D34CF44-07F2-4B31-A414-C8E6996B5A61}.Release|Any CPU.Build.0 = Release|Any CPU
		{8D34CF44-07F2-4B31-A414-C8E6996B5A61}.Release|x64.ActiveCfg = Release|Any CPU
		{8D34CF44-07F2-4B31-A414-C8E6996B5A61}.Release|x64.Build.0 = Release|Any CPU
		{8D34CF44-07F2-4B31-A414-C8E6996B5A61}.Release|x86.ActiveCfg = Release|Any CPU
		{8D34CF44-07F2-4B31-A414-C8E6996B5A61}.Release|x86.Build.0 = Release|Any CPU
		{8D34CF44-07F2-4B31-A414-C8E6996B5A61}.RelWithDebInfo|Any CPU.ActiveCfg = Release|Any CPU
		{8D34CF44-07F2-4B31-A414-C8E6996B5A61}.RelWithDebInfo|Any CPU.Build.0 = Release|Any CPU
		{8D34CF44-07F2-4B31-A414-C8E6996B5A61}.RelWithDebInfo|x64.ActiveCfg = Release|Any CPU
		{8D34CF44-07F2-4B31-A414-C8E6996B5A61}.RelWithDebInfo|x64.Build.0 = Release|Any CPU
		{8D34CF44-07F2-4B31-A414-C8E6996B5A61}.RelWithDebInfo|x86.ActiveCfg = Release|Any CPU
		{8D34CF44-07F2-4B31-A414-C8E6996B5A61}.RelWithDebInfo|x86.Build.0 = Release|Any CPU
		{CDCD2FC2-5CFA-45DC-8A5B-ECD15961301B}.Debug|Any CPU.ActiveCfg = Debug|Any CPU
		{CDCD2FC2-5CFA-45DC-8A5B-ECD15961301B}.Debug|Any CPU.Build.0 = Debug|Any CPU
		{CDCD2FC2-5CFA-45DC-8A5B-ECD15961301B}.Debug|x64.ActiveCfg = Debug|Any CPU
		{CDCD2FC2-5CFA-45DC-8A5B-ECD15961301B}.Debug|x64.Build.0 = Debug|Any CPU
		{CDCD2FC2-5CFA-45DC-8A5B-ECD15961301B}.Debug|x86.ActiveCfg = Debug|Any CPU
		{CDCD2FC2-5CFA-45DC-8A5B-ECD15961301B}.Debug|x86.Build.0 = Debug|Any CPU
		{CDCD2FC2-5CFA-45DC-8A5B-ECD15961301B}.MinSizeRel|Any CPU.ActiveCfg = Release|Any CPU
		{CDCD2FC2-5CFA-45DC-8A5B-ECD15961301B}.MinSizeRel|Any CPU.Build.0 = Release|Any CPU
		{CDCD2FC2-5CFA-45DC-8A5B-ECD15961301B}.MinSizeRel|x64.ActiveCfg = Release|Any CPU
		{CDCD2FC2-5CFA-45DC-8A5B-ECD15961301B}.MinSizeRel|x64.Build.0 = Release|Any CPU
		{CDCD2FC2-5CFA-45DC-8A5B-ECD15961301B}.MinSizeRel|x86.ActiveCfg = Release|Any CPU
		{CDCD2FC2-5CFA-45DC-8A5B-ECD15961301B}.MinSizeRel|x86.Build.0 = Release|Any CPU
		{CDCD2FC2-5CFA-45DC-8A5B-ECD15961301B}.Release|Any CPU.ActiveCfg = Release|Any CPU
		{CDCD2FC2-5CFA-45DC-8A5B-ECD15961301B}.Release|Any CPU.Build.0 = Release|Any CPU
		{CDCD2FC2-5CFA-45DC-8A5B-ECD15961301B}.Release|x64.ActiveCfg = Release|Any CPU
		{CDCD2FC2-5CFA-45DC-8A5B-ECD15961301B}.Release|x64.Build.0 = Release|Any CPU
		{CDCD2FC2-5CFA-45DC-8A5B-ECD15961301B}.Release|x86.ActiveCfg = Release|Any CPU
		{CDCD2FC2-5CFA-45DC-8A5B-ECD15961301B}.Release|x86.Build.0 = Release|Any CPU
		{CDCD2FC2-5CFA-45DC-8A5B-ECD15961301B}.RelWithDebInfo|Any CPU.ActiveCfg = Release|Any CPU
		{CDCD2FC2-5CFA-45DC-8A5B-ECD15961301B}.RelWithDebInfo|Any CPU.Build.0 = Release|Any CPU
		{CDCD2FC2-5CFA-45DC-8A5B-ECD15961301B}.RelWithDebInfo|x64.ActiveCfg = Release|Any CPU
		{CDCD2FC2-5CFA-45DC-8A5B-ECD15961301B}.RelWithDebInfo|x64.Build.0 = Release|Any CPU
		{CDCD2FC2-5CFA-45DC-8A5B-ECD15961301B}.RelWithDebInfo|x86.ActiveCfg = Release|Any CPU
		{CDCD2FC2-5CFA-45DC-8A5B-ECD15961301B}.RelWithDebInfo|x86.Build.0 = Release|Any CPU
		{E3FF8A53-4163-47A3-B472-071AC89770F4}.Debug|Any CPU.ActiveCfg = Debug|Any CPU
		{E3FF8A53-4163-47A3-B472-071AC89770F4}.Debug|Any CPU.Build.0 = Debug|Any CPU
		{E3FF8A53-4163-47A3-B472-071AC89770F4}.Debug|x64.ActiveCfg = Debug|Any CPU
		{E3FF8A53-4163-47A3-B472-071AC89770F4}.Debug|x64.Build.0 = Debug|Any CPU
		{E3FF8A53-4163-47A3-B472-071AC89770F4}.Debug|x86.ActiveCfg = Debug|Any CPU
		{E3FF8A53-4163-47A3-B472-071AC89770F4}.Debug|x86.Build.0 = Debug|Any CPU
		{E3FF8A53-4163-47A3-B472-071AC89770F4}.MinSizeRel|Any CPU.ActiveCfg = Release|Any CPU
		{E3FF8A53-4163-47A3-B472-071AC89770F4}.MinSizeRel|Any CPU.Build.0 = Release|Any CPU
		{E3FF8A53-4163-47A3-B472-071AC89770F4}.MinSizeRel|x64.ActiveCfg = Release|Any CPU
		{E3FF8A53-4163-47A3-B472-071AC89770F4}.MinSizeRel|x64.Build.0 = Release|Any CPU
		{E3FF8A53-4163-47A3-B472-071AC89770F4}.MinSizeRel|x86.ActiveCfg = Release|Any CPU
		{E3FF8A53-4163-47A3-B472-071AC89770F4}.MinSizeRel|x86.Build.0 = Release|Any CPU
		{E3FF8A53-4163-47A3-B472-071AC89770F4}.Release|Any CPU.ActiveCfg = Release|Any CPU
		{E3FF8A53-4163-47A3-B472-071AC89770F4}.Release|Any CPU.Build.0 = Release|Any CPU
		{E3FF8A53-4163-47A3-B472-071AC89770F4}.Release|x64.ActiveCfg = Release|Any CPU
		{E3FF8A53-4163-47A3-B472-071AC89770F4}.Release|x64.Build.0 = Release|Any CPU
		{E3FF8A53-4163-47A3-B472-071AC89770F4}.Release|x86.ActiveCfg = Release|Any CPU
		{E3FF8A53-4163-47A3-B472-071AC89770F4}.Release|x86.Build.0 = Release|Any CPU
		{E3FF8A53-4163-47A3-B472-071AC89770F4}.RelWithDebInfo|Any CPU.ActiveCfg = Release|Any CPU
		{E3FF8A53-4163-47A3-B472-071AC89770F4}.RelWithDebInfo|Any CPU.Build.0 = Release|Any CPU
		{E3FF8A53-4163-47A3-B472-071AC89770F4}.RelWithDebInfo|x64.ActiveCfg = Release|Any CPU
		{E3FF8A53-4163-47A3-B472-071AC89770F4}.RelWithDebInfo|x64.Build.0 = Release|Any CPU
		{E3FF8A53-4163-47A3-B472-071AC89770F4}.RelWithDebInfo|x86.ActiveCfg = Release|Any CPU
		{E3FF8A53-4163-47A3-B472-071AC89770F4}.RelWithDebInfo|x86.Build.0 = Release|Any CPU
		{52E6735A-7922-415F-B987-8D06D299C003}.Debug|Any CPU.ActiveCfg = Debug|Any CPU
		{52E6735A-7922-415F-B987-8D06D299C003}.Debug|Any CPU.Build.0 = Debug|Any CPU
		{52E6735A-7922-415F-B987-8D06D299C003}.Debug|x64.ActiveCfg = Debug|Any CPU
		{52E6735A-7922-415F-B987-8D06D299C003}.Debug|x64.Build.0 = Debug|Any CPU
		{52E6735A-7922-415F-B987-8D06D299C003}.Debug|x86.ActiveCfg = Debug|Any CPU
		{52E6735A-7922-415F-B987-8D06D299C003}.Debug|x86.Build.0 = Debug|Any CPU
		{52E6735A-7922-415F-B987-8D06D299C003}.MinSizeRel|Any CPU.ActiveCfg = Debug|Any CPU
		{52E6735A-7922-415F-B987-8D06D299C003}.MinSizeRel|Any CPU.Build.0 = Debug|Any CPU
		{52E6735A-7922-415F-B987-8D06D299C003}.MinSizeRel|x64.ActiveCfg = Debug|Any CPU
		{52E6735A-7922-415F-B987-8D06D299C003}.MinSizeRel|x64.Build.0 = Debug|Any CPU
		{52E6735A-7922-415F-B987-8D06D299C003}.MinSizeRel|x86.ActiveCfg = Debug|Any CPU
		{52E6735A-7922-415F-B987-8D06D299C003}.MinSizeRel|x86.Build.0 = Debug|Any CPU
		{52E6735A-7922-415F-B987-8D06D299C003}.Release|Any CPU.ActiveCfg = Release|Any CPU
		{52E6735A-7922-415F-B987-8D06D299C003}.Release|Any CPU.Build.0 = Release|Any CPU
		{52E6735A-7922-415F-B987-8D06D299C003}.Release|x64.ActiveCfg = Release|Any CPU
		{52E6735A-7922-415F-B987-8D06D299C003}.Release|x64.Build.0 = Release|Any CPU
		{52E6735A-7922-415F-B987-8D06D299C003}.Release|x86.ActiveCfg = Release|Any CPU
		{52E6735A-7922-415F-B987-8D06D299C003}.Release|x86.Build.0 = Release|Any CPU
		{52E6735A-7922-415F-B987-8D06D299C003}.RelWithDebInfo|Any CPU.ActiveCfg = Release|Any CPU
		{52E6735A-7922-415F-B987-8D06D299C003}.RelWithDebInfo|Any CPU.Build.0 = Release|Any CPU
		{52E6735A-7922-415F-B987-8D06D299C003}.RelWithDebInfo|x64.ActiveCfg = Release|Any CPU
		{52E6735A-7922-415F-B987-8D06D299C003}.RelWithDebInfo|x64.Build.0 = Release|Any CPU
		{52E6735A-7922-415F-B987-8D06D299C003}.RelWithDebInfo|x86.ActiveCfg = Release|Any CPU
		{52E6735A-7922-415F-B987-8D06D299C003}.RelWithDebInfo|x86.Build.0 = Release|Any CPU
		{F6A63B7A-9641-41E4-A36F-1E2046168BA4}.Debug|Any CPU.ActiveCfg = Debug|Any CPU
		{F6A63B7A-9641-41E4-A36F-1E2046168BA4}.Debug|Any CPU.Build.0 = Debug|Any CPU
		{F6A63B7A-9641-41E4-A36F-1E2046168BA4}.Debug|x64.ActiveCfg = Debug|Any CPU
		{F6A63B7A-9641-41E4-A36F-1E2046168BA4}.Debug|x64.Build.0 = Debug|Any CPU
		{F6A63B7A-9641-41E4-A36F-1E2046168BA4}.Debug|x86.ActiveCfg = Debug|Any CPU
		{F6A63B7A-9641-41E4-A36F-1E2046168BA4}.Debug|x86.Build.0 = Debug|Any CPU
		{F6A63B7A-9641-41E4-A36F-1E2046168BA4}.MinSizeRel|Any CPU.ActiveCfg = Debug|Any CPU
		{F6A63B7A-9641-41E4-A36F-1E2046168BA4}.MinSizeRel|Any CPU.Build.0 = Debug|Any CPU
		{F6A63B7A-9641-41E4-A36F-1E2046168BA4}.MinSizeRel|x64.ActiveCfg = Debug|Any CPU
		{F6A63B7A-9641-41E4-A36F-1E2046168BA4}.MinSizeRel|x64.Build.0 = Debug|Any CPU
		{F6A63B7A-9641-41E4-A36F-1E2046168BA4}.MinSizeRel|x86.ActiveCfg = Debug|Any CPU
		{F6A63B7A-9641-41E4-A36F-1E2046168BA4}.MinSizeRel|x86.Build.0 = Debug|Any CPU
		{F6A63B7A-9641-41E4-A36F-1E2046168BA4}.Release|Any CPU.ActiveCfg = Release|Any CPU
		{F6A63B7A-9641-41E4-A36F-1E2046168BA4}.Release|Any CPU.Build.0 = Release|Any CPU
		{F6A63B7A-9641-41E4-A36F-1E2046168BA4}.Release|x64.ActiveCfg = Release|Any CPU
		{F6A63B7A-9641-41E4-A36F-1E2046168BA4}.Release|x64.Build.0 = Release|Any CPU
		{F6A63B7A-9641-41E4-A36F-1E2046168BA4}.Release|x86.ActiveCfg = Release|Any CPU
		{F6A63B7A-9641-41E4-A36F-1E2046168BA4}.Release|x86.Build.0 = Release|Any CPU
		{F6A63B7A-9641-41E4-A36F-1E2046168BA4}.RelWithDebInfo|Any CPU.ActiveCfg = Release|Any CPU
		{F6A63B7A-9641-41E4-A36F-1E2046168BA4}.RelWithDebInfo|Any CPU.Build.0 = Release|Any CPU
		{F6A63B7A-9641-41E4-A36F-1E2046168BA4}.RelWithDebInfo|x64.ActiveCfg = Release|Any CPU
		{F6A63B7A-9641-41E4-A36F-1E2046168BA4}.RelWithDebInfo|x64.Build.0 = Release|Any CPU
		{F6A63B7A-9641-41E4-A36F-1E2046168BA4}.RelWithDebInfo|x86.ActiveCfg = Release|Any CPU
		{F6A63B7A-9641-41E4-A36F-1E2046168BA4}.RelWithDebInfo|x86.Build.0 = Release|Any CPU
		{4A89550F-3A52-4ACB-B190-CD74B783DED1}.Debug|Any CPU.ActiveCfg = Debug|Any CPU
		{4A89550F-3A52-4ACB-B190-CD74B783DED1}.Debug|Any CPU.Build.0 = Debug|Any CPU
		{4A89550F-3A52-4ACB-B190-CD74B783DED1}.Debug|x64.ActiveCfg = Debug|Any CPU
		{4A89550F-3A52-4ACB-B190-CD74B783DED1}.Debug|x64.Build.0 = Debug|Any CPU
		{4A89550F-3A52-4ACB-B190-CD74B783DED1}.Debug|x86.ActiveCfg = Debug|Any CPU
		{4A89550F-3A52-4ACB-B190-CD74B783DED1}.Debug|x86.Build.0 = Debug|Any CPU
		{4A89550F-3A52-4ACB-B190-CD74B783DED1}.MinSizeRel|Any CPU.ActiveCfg = Debug|Any CPU
		{4A89550F-3A52-4ACB-B190-CD74B783DED1}.MinSizeRel|Any CPU.Build.0 = Debug|Any CPU
		{4A89550F-3A52-4ACB-B190-CD74B783DED1}.MinSizeRel|x64.ActiveCfg = Debug|Any CPU
		{4A89550F-3A52-4ACB-B190-CD74B783DED1}.MinSizeRel|x64.Build.0 = Debug|Any CPU
		{4A89550F-3A52-4ACB-B190-CD74B783DED1}.MinSizeRel|x86.ActiveCfg = Debug|Any CPU
		{4A89550F-3A52-4ACB-B190-CD74B783DED1}.MinSizeRel|x86.Build.0 = Debug|Any CPU
		{4A89550F-3A52-4ACB-B190-CD74B783DED1}.Release|Any CPU.ActiveCfg = Release|Any CPU
		{4A89550F-3A52-4ACB-B190-CD74B783DED1}.Release|Any CPU.Build.0 = Release|Any CPU
		{4A89550F-3A52-4ACB-B190-CD74B783DED1}.Release|x64.ActiveCfg = Release|Any CPU
		{4A89550F-3A52-4ACB-B190-CD74B783DED1}.Release|x64.Build.0 = Release|Any CPU
		{4A89550F-3A52-4ACB-B190-CD74B783DED1}.Release|x86.ActiveCfg = Release|Any CPU
		{4A89550F-3A52-4ACB-B190-CD74B783DED1}.Release|x86.Build.0 = Release|Any CPU
		{4A89550F-3A52-4ACB-B190-CD74B783DED1}.RelWithDebInfo|Any CPU.ActiveCfg = Release|Any CPU
		{4A89550F-3A52-4ACB-B190-CD74B783DED1}.RelWithDebInfo|Any CPU.Build.0 = Release|Any CPU
		{4A89550F-3A52-4ACB-B190-CD74B783DED1}.RelWithDebInfo|x64.ActiveCfg = Release|Any CPU
		{4A89550F-3A52-4ACB-B190-CD74B783DED1}.RelWithDebInfo|x64.Build.0 = Release|Any CPU
		{4A89550F-3A52-4ACB-B190-CD74B783DED1}.RelWithDebInfo|x86.ActiveCfg = Release|Any CPU
		{4A89550F-3A52-4ACB-B190-CD74B783DED1}.RelWithDebInfo|x86.Build.0 = Release|Any CPU
		{BB1BCD6A-C555-4E8F-A780-AA8482B93EB9}.Debug|Any CPU.ActiveCfg = Debug|Any CPU
		{BB1BCD6A-C555-4E8F-A780-AA8482B93EB9}.Debug|Any CPU.Build.0 = Debug|Any CPU
		{BB1BCD6A-C555-4E8F-A780-AA8482B93EB9}.Debug|x64.ActiveCfg = Debug|Any CPU
		{BB1BCD6A-C555-4E8F-A780-AA8482B93EB9}.Debug|x64.Build.0 = Debug|Any CPU
		{BB1BCD6A-C555-4E8F-A780-AA8482B93EB9}.Debug|x86.ActiveCfg = Debug|Any CPU
		{BB1BCD6A-C555-4E8F-A780-AA8482B93EB9}.Debug|x86.Build.0 = Debug|Any CPU
		{BB1BCD6A-C555-4E8F-A780-AA8482B93EB9}.MinSizeRel|Any CPU.ActiveCfg = Debug|Any CPU
		{BB1BCD6A-C555-4E8F-A780-AA8482B93EB9}.MinSizeRel|Any CPU.Build.0 = Debug|Any CPU
		{BB1BCD6A-C555-4E8F-A780-AA8482B93EB9}.MinSizeRel|x64.ActiveCfg = Debug|Any CPU
		{BB1BCD6A-C555-4E8F-A780-AA8482B93EB9}.MinSizeRel|x64.Build.0 = Debug|Any CPU
		{BB1BCD6A-C555-4E8F-A780-AA8482B93EB9}.MinSizeRel|x86.ActiveCfg = Debug|Any CPU
		{BB1BCD6A-C555-4E8F-A780-AA8482B93EB9}.MinSizeRel|x86.Build.0 = Debug|Any CPU
		{BB1BCD6A-C555-4E8F-A780-AA8482B93EB9}.Release|Any CPU.ActiveCfg = Release|Any CPU
		{BB1BCD6A-C555-4E8F-A780-AA8482B93EB9}.Release|Any CPU.Build.0 = Release|Any CPU
		{BB1BCD6A-C555-4E8F-A780-AA8482B93EB9}.Release|x64.ActiveCfg = Release|Any CPU
		{BB1BCD6A-C555-4E8F-A780-AA8482B93EB9}.Release|x64.Build.0 = Release|Any CPU
		{BB1BCD6A-C555-4E8F-A780-AA8482B93EB9}.Release|x86.ActiveCfg = Release|Any CPU
		{BB1BCD6A-C555-4E8F-A780-AA8482B93EB9}.Release|x86.Build.0 = Release|Any CPU
		{BB1BCD6A-C555-4E8F-A780-AA8482B93EB9}.RelWithDebInfo|Any CPU.ActiveCfg = Release|Any CPU
		{BB1BCD6A-C555-4E8F-A780-AA8482B93EB9}.RelWithDebInfo|Any CPU.Build.0 = Release|Any CPU
		{BB1BCD6A-C555-4E8F-A780-AA8482B93EB9}.RelWithDebInfo|x64.ActiveCfg = Release|Any CPU
		{BB1BCD6A-C555-4E8F-A780-AA8482B93EB9}.RelWithDebInfo|x64.Build.0 = Release|Any CPU
		{BB1BCD6A-C555-4E8F-A780-AA8482B93EB9}.RelWithDebInfo|x86.ActiveCfg = Release|Any CPU
		{BB1BCD6A-C555-4E8F-A780-AA8482B93EB9}.RelWithDebInfo|x86.Build.0 = Release|Any CPU
		{C1EA7317-0D2B-4B1F-88AF-ADDE0D606874}.Debug|Any CPU.ActiveCfg = Debug|Any CPU
		{C1EA7317-0D2B-4B1F-88AF-ADDE0D606874}.Debug|Any CPU.Build.0 = Debug|Any CPU
		{C1EA7317-0D2B-4B1F-88AF-ADDE0D606874}.Debug|x64.ActiveCfg = Debug|Any CPU
		{C1EA7317-0D2B-4B1F-88AF-ADDE0D606874}.Debug|x64.Build.0 = Debug|Any CPU
		{C1EA7317-0D2B-4B1F-88AF-ADDE0D606874}.Debug|x86.ActiveCfg = Debug|Any CPU
		{C1EA7317-0D2B-4B1F-88AF-ADDE0D606874}.Debug|x86.Build.0 = Debug|Any CPU
		{C1EA7317-0D2B-4B1F-88AF-ADDE0D606874}.MinSizeRel|Any CPU.ActiveCfg = Debug|Any CPU
		{C1EA7317-0D2B-4B1F-88AF-ADDE0D606874}.MinSizeRel|Any CPU.Build.0 = Debug|Any CPU
		{C1EA7317-0D2B-4B1F-88AF-ADDE0D606874}.MinSizeRel|x64.ActiveCfg = Debug|Any CPU
		{C1EA7317-0D2B-4B1F-88AF-ADDE0D606874}.MinSizeRel|x64.Build.0 = Debug|Any CPU
		{C1EA7317-0D2B-4B1F-88AF-ADDE0D606874}.MinSizeRel|x86.ActiveCfg = Debug|Any CPU
		{C1EA7317-0D2B-4B1F-88AF-ADDE0D606874}.MinSizeRel|x86.Build.0 = Debug|Any CPU
		{C1EA7317-0D2B-4B1F-88AF-ADDE0D606874}.Release|Any CPU.ActiveCfg = Release|Any CPU
		{C1EA7317-0D2B-4B1F-88AF-ADDE0D606874}.Release|Any CPU.Build.0 = Release|Any CPU
		{C1EA7317-0D2B-4B1F-88AF-ADDE0D606874}.Release|x64.ActiveCfg = Release|Any CPU
		{C1EA7317-0D2B-4B1F-88AF-ADDE0D606874}.Release|x64.Build.0 = Release|Any CPU
		{C1EA7317-0D2B-4B1F-88AF-ADDE0D606874}.Release|x86.ActiveCfg = Release|Any CPU
		{C1EA7317-0D2B-4B1F-88AF-ADDE0D606874}.Release|x86.Build.0 = Release|Any CPU
		{C1EA7317-0D2B-4B1F-88AF-ADDE0D606874}.RelWithDebInfo|Any CPU.ActiveCfg = Release|Any CPU
		{C1EA7317-0D2B-4B1F-88AF-ADDE0D606874}.RelWithDebInfo|Any CPU.Build.0 = Release|Any CPU
		{C1EA7317-0D2B-4B1F-88AF-ADDE0D606874}.RelWithDebInfo|x64.ActiveCfg = Release|Any CPU
		{C1EA7317-0D2B-4B1F-88AF-ADDE0D606874}.RelWithDebInfo|x64.Build.0 = Release|Any CPU
		{C1EA7317-0D2B-4B1F-88AF-ADDE0D606874}.RelWithDebInfo|x86.ActiveCfg = Release|Any CPU
		{C1EA7317-0D2B-4B1F-88AF-ADDE0D606874}.RelWithDebInfo|x86.Build.0 = Release|Any CPU
		{F226A774-4887-4506-BD46-910B9BFC5EA5}.Debug|Any CPU.ActiveCfg = Debug|x64
		{F226A774-4887-4506-BD46-910B9BFC5EA5}.Debug|Any CPU.Build.0 = Debug|x64
		{F226A774-4887-4506-BD46-910B9BFC5EA5}.Debug|x64.ActiveCfg = Debug|x64
		{F226A774-4887-4506-BD46-910B9BFC5EA5}.Debug|x64.Build.0 = Debug|x64
		{F226A774-4887-4506-BD46-910B9BFC5EA5}.Debug|x86.ActiveCfg = Debug|Win32
		{F226A774-4887-4506-BD46-910B9BFC5EA5}.Debug|x86.Build.0 = Debug|Win32
		{F226A774-4887-4506-BD46-910B9BFC5EA5}.MinSizeRel|Any CPU.ActiveCfg = Debug|x64
		{F226A774-4887-4506-BD46-910B9BFC5EA5}.MinSizeRel|Any CPU.Build.0 = Debug|x64
		{F226A774-4887-4506-BD46-910B9BFC5EA5}.MinSizeRel|x64.ActiveCfg = Debug|x64
		{F226A774-4887-4506-BD46-910B9BFC5EA5}.MinSizeRel|x64.Build.0 = Debug|x64
		{F226A774-4887-4506-BD46-910B9BFC5EA5}.MinSizeRel|x86.ActiveCfg = Debug|Win32
		{F226A774-4887-4506-BD46-910B9BFC5EA5}.MinSizeRel|x86.Build.0 = Debug|Win32
		{F226A774-4887-4506-BD46-910B9BFC5EA5}.Release|Any CPU.ActiveCfg = Release|x64
		{F226A774-4887-4506-BD46-910B9BFC5EA5}.Release|Any CPU.Build.0 = Release|x64
		{F226A774-4887-4506-BD46-910B9BFC5EA5}.Release|x64.ActiveCfg = Release|x64
		{F226A774-4887-4506-BD46-910B9BFC5EA5}.Release|x64.Build.0 = Release|x64
		{F226A774-4887-4506-BD46-910B9BFC5EA5}.Release|x86.ActiveCfg = Release|Win32
		{F226A774-4887-4506-BD46-910B9BFC5EA5}.Release|x86.Build.0 = Release|Win32
		{F226A774-4887-4506-BD46-910B9BFC5EA5}.RelWithDebInfo|Any CPU.ActiveCfg = Release|x64
		{F226A774-4887-4506-BD46-910B9BFC5EA5}.RelWithDebInfo|Any CPU.Build.0 = Release|x64
		{F226A774-4887-4506-BD46-910B9BFC5EA5}.RelWithDebInfo|x64.ActiveCfg = Release|x64
		{F226A774-4887-4506-BD46-910B9BFC5EA5}.RelWithDebInfo|x64.Build.0 = Release|x64
		{F226A774-4887-4506-BD46-910B9BFC5EA5}.RelWithDebInfo|x86.ActiveCfg = Release|Win32
		{F226A774-4887-4506-BD46-910B9BFC5EA5}.RelWithDebInfo|x86.Build.0 = Release|Win32
		{37B65322-5B31-493D-ACB2-68651707F9F8}.Debug|Any CPU.ActiveCfg = Debug|Any CPU
		{37B65322-5B31-493D-ACB2-68651707F9F8}.Debug|Any CPU.Build.0 = Debug|Any CPU
		{37B65322-5B31-493D-ACB2-68651707F9F8}.Debug|x64.ActiveCfg = Debug|Any CPU
		{37B65322-5B31-493D-ACB2-68651707F9F8}.Debug|x64.Build.0 = Debug|Any CPU
		{37B65322-5B31-493D-ACB2-68651707F9F8}.Debug|x86.ActiveCfg = Debug|Any CPU
		{37B65322-5B31-493D-ACB2-68651707F9F8}.Debug|x86.Build.0 = Debug|Any CPU
		{37B65322-5B31-493D-ACB2-68651707F9F8}.MinSizeRel|Any CPU.ActiveCfg = Debug|Any CPU
		{37B65322-5B31-493D-ACB2-68651707F9F8}.MinSizeRel|Any CPU.Build.0 = Debug|Any CPU
		{37B65322-5B31-493D-ACB2-68651707F9F8}.MinSizeRel|x64.ActiveCfg = Debug|Any CPU
		{37B65322-5B31-493D-ACB2-68651707F9F8}.MinSizeRel|x64.Build.0 = Debug|Any CPU
		{37B65322-5B31-493D-ACB2-68651707F9F8}.MinSizeRel|x86.ActiveCfg = Debug|Any CPU
		{37B65322-5B31-493D-ACB2-68651707F9F8}.MinSizeRel|x86.Build.0 = Debug|Any CPU
		{37B65322-5B31-493D-ACB2-68651707F9F8}.Release|Any CPU.ActiveCfg = Release|Any CPU
		{37B65322-5B31-493D-ACB2-68651707F9F8}.Release|Any CPU.Build.0 = Release|Any CPU
		{37B65322-5B31-493D-ACB2-68651707F9F8}.Release|x64.ActiveCfg = Release|Any CPU
		{37B65322-5B31-493D-ACB2-68651707F9F8}.Release|x64.Build.0 = Release|Any CPU
		{37B65322-5B31-493D-ACB2-68651707F9F8}.Release|x86.ActiveCfg = Release|Any CPU
		{37B65322-5B31-493D-ACB2-68651707F9F8}.Release|x86.Build.0 = Release|Any CPU
		{37B65322-5B31-493D-ACB2-68651707F9F8}.RelWithDebInfo|Any CPU.ActiveCfg = Release|Any CPU
		{37B65322-5B31-493D-ACB2-68651707F9F8}.RelWithDebInfo|Any CPU.Build.0 = Release|Any CPU
		{37B65322-5B31-493D-ACB2-68651707F9F8}.RelWithDebInfo|x64.ActiveCfg = Release|Any CPU
		{37B65322-5B31-493D-ACB2-68651707F9F8}.RelWithDebInfo|x64.Build.0 = Release|Any CPU
		{37B65322-5B31-493D-ACB2-68651707F9F8}.RelWithDebInfo|x86.ActiveCfg = Release|Any CPU
		{37B65322-5B31-493D-ACB2-68651707F9F8}.RelWithDebInfo|x86.Build.0 = Release|Any CPU
	EndGlobalSection
	GlobalSection(SolutionProperties) = preSolution
		HideSolutionNode = FALSE
	EndGlobalSection
	GlobalSection(ExtensibilityGlobals) = postSolution
		SolutionGuid = {15FA39D2-C475-40D7-B8F9-5C837D561328}
	EndGlobalSection
EndGlobal
